// !$*UTF8*$!
{
	archiveVersion = 1;
	classes = {
	};
	objectVersion = 50;
	objects = {

/* Begin PBXBuildFile section */
		5F0934302576DB0200D9DEA9 /* vga_console.cpp in Sources */ = {isa = PBXBuildFile; fileRef = 5F09342F2576DB0200D9DEA9 /* vga_console.cpp */; };
		5F0934392576FE4400D9DEA9 /* memory.cpp in Sources */ = {isa = PBXBuildFile; fileRef = 5F0934382576FE4400D9DEA9 /* memory.cpp */; };
		5F49EAF7242A143400285E4D /* crtn.asm in Sources */ = {isa = PBXBuildFile; fileRef = 5F49EAF6242A143400285E4D /* crtn.asm */; };
		5F514EA425781C7B00787455 /* stack_trace.cpp in Sources */ = {isa = PBXBuildFile; fileRef = 5F514EA325781C7B00787455 /* stack_trace.cpp */; };
		5F514EA725781D0C00787455 /* panic.cpp in Sources */ = {isa = PBXBuildFile; fileRef = 5F514EA625781D0C00787455 /* panic.cpp */; };
		5F514EB42579034D00787455 /* interrupts.cpp in Sources */ = {isa = PBXBuildFile; fileRef = 5F514EB32579034D00787455 /* interrupts.cpp */; };
		5F514EB62579075200787455 /* interrupts_impl.asm in Sources */ = {isa = PBXBuildFile; fileRef = 5F514EB52579075200787455 /* interrupts_impl.asm */; };
		5FADB7DB257672650003DE02 /* printf.cpp in Sources */ = {isa = PBXBuildFile; fileRef = 5FADB7DA257672650003DE02 /* printf.cpp */; };
		5FADB7DE257673070003DE02 /* u64helpers.cpp in Sources */ = {isa = PBXBuildFile; fileRef = 5FADB7DD257673070003DE02 /* u64helpers.cpp */; };
		5FADB7E22576A30A0003DE02 /* startup.cpp in Sources */ = {isa = PBXBuildFile; fileRef = 5FADB7E12576A30A0003DE02 /* startup.cpp */; };
		5FADB7E52576A42A0003DE02 /* console.cpp in Sources */ = {isa = PBXBuildFile; fileRef = 5FADB7E42576A42A0003DE02 /* console.cpp */; };
		5FF3A94124276B470065AE01 /* kmain.cpp in Sources */ = {isa = PBXBuildFile; fileRef = 5FF3A92724266E360065AE01 /* kmain.cpp */; };
		5FF3A94524276B4B0065AE01 /* mbootmain.asm in Sources */ = {isa = PBXBuildFile; fileRef = 5FF3A92524266E360065AE01 /* mbootmain.asm */; };
		5FF3A96024279C500065AE01 /* cxxnew.cpp in Sources */ = {isa = PBXBuildFile; fileRef = 5FF3A95F24279C500065AE01 /* cxxnew.cpp */; };
/* End PBXBuildFile section */

/* Begin PBXCopyFilesBuildPhase section */
		5FF3A93624276B1D0065AE01 /* CopyFiles */ = {
			isa = PBXCopyFilesBuildPhase;
			buildActionMask = 2147483647;
			dstPath = /usr/share/man/man1/;
			dstSubfolderSpec = 0;
			files = (
			);
			runOnlyForDeploymentPostprocessing = 1;
		};
/* End PBXCopyFilesBuildPhase section */

/* Begin PBXFileReference section */
		5F09342E2576DA7700D9DEA9 /* vga_console.hpp */ = {isa = PBXFileReference; lastKnownFileType = sourcecode.cpp.h; path = vga_console.hpp; sourceTree = "<group>"; };
		5F09342F2576DB0200D9DEA9 /* vga_console.cpp */ = {isa = PBXFileReference; lastKnownFileType = sourcecode.cpp.cpp; path = vga_console.cpp; sourceTree = "<group>"; };
		5F0934312576DB7300D9DEA9 /* memory.hpp */ = {isa = PBXFileReference; lastKnownFileType = sourcecode.cpp.h; path = memory.hpp; sourceTree = "<group>"; };
		5F0934322576DD2600D9DEA9 /* ports.hpp */ = {isa = PBXFileReference; lastKnownFileType = sourcecode.cpp.h; path = ports.hpp; sourceTree = "<group>"; };
		5F0934342576DD6B00D9DEA9 /* enable_if.hpp */ = {isa = PBXFileReference; lastKnownFileType = sourcecode.cpp.h; path = enable_if.hpp; sourceTree = "<group>"; };
		5F0934362576F4BC00D9DEA9 /* list.hpp */ = {isa = PBXFileReference; lastKnownFileType = sourcecode.cpp.h; path = list.hpp; sourceTree = "<group>"; };
		5F0934372576F4DB00D9DEA9 /* min_list.hpp */ = {isa = PBXFileReference; lastKnownFileType = sourcecode.cpp.h; path = min_list.hpp; sourceTree = "<group>"; };
		5F0934382576FE4400D9DEA9 /* memory.cpp */ = {isa = PBXFileReference; lastKnownFileType = sourcecode.cpp.cpp; path = memory.cpp; sourceTree = "<group>"; };
		5F49E95A2429E51600285E4D /* kernel-codebase */ = {isa = PBXFileReference; explicitFileType = "compiled.mach-o.executable"; includeInIndex = 0; path = "kernel-codebase"; sourceTree = BUILT_PRODUCTS_DIR; };
		5F49EAF5242A140300285E4D /* crti.asm */ = {isa = PBXFileReference; lastKnownFileType = sourcecode.asm.asm; path = crti.asm; sourceTree = "<group>"; };
		5F49EAF6242A143400285E4D /* crtn.asm */ = {isa = PBXFileReference; lastKnownFileType = sourcecode.asm.asm; path = crtn.asm; sourceTree = "<group>"; };
		5F514EA225781C5000787455 /* stack_trace.hpp */ = {isa = PBXFileReference; lastKnownFileType = sourcecode.cpp.h; path = stack_trace.hpp; sourceTree = "<group>"; };
		5F514EA325781C7B00787455 /* stack_trace.cpp */ = {isa = PBXFileReference; lastKnownFileType = sourcecode.cpp.cpp; path = stack_trace.cpp; sourceTree = "<group>"; };
		5F514EA525781CE300787455 /* panic.hpp */ = {isa = PBXFileReference; lastKnownFileType = sourcecode.cpp.h; path = panic.hpp; sourceTree = "<group>"; };
		5F514EA625781D0C00787455 /* panic.cpp */ = {isa = PBXFileReference; lastKnownFileType = sourcecode.cpp.cpp; path = panic.cpp; sourceTree = "<group>"; };
		5F514EAD2578FA8C00787455 /* interrupt_types.hpp */ = {isa = PBXFileReference; lastKnownFileType = sourcecode.cpp.h; path = interrupt_types.hpp; sourceTree = "<group>"; };
		5F514EAE2578FB3800787455 /* fixed_vector.hpp */ = {isa = PBXFileReference; lastKnownFileType = sourcecode.cpp.h; path = fixed_vector.hpp; sourceTree = "<group>"; };
		5F514EAF2578FC8900787455 /* cx_throw.hpp */ = {isa = PBXFileReference; lastKnownFileType = sourcecode.cpp.h; path = cx_throw.hpp; sourceTree = "<group>"; };
		5F514EB02579011500787455 /* interrupt_regs.hpp */ = {isa = PBXFileReference; lastKnownFileType = sourcecode.cpp.h; path = interrupt_regs.hpp; sourceTree = "<group>"; };
		5F514EB12579016900787455 /* interrupt_handlers.hpp */ = {isa = PBXFileReference; lastKnownFileType = sourcecode.cpp.h; path = interrupt_handlers.hpp; sourceTree = "<group>"; };
		5F514EB2257902CC00787455 /* interrupt_table.hpp */ = {isa = PBXFileReference; lastKnownFileType = sourcecode.cpp.h; path = interrupt_table.hpp; sourceTree = "<group>"; };
		5F514EB32579034D00787455 /* interrupts.cpp */ = {isa = PBXFileReference; lastKnownFileType = sourcecode.cpp.cpp; path = interrupts.cpp; sourceTree = "<group>"; };
		5F514EB52579075200787455 /* interrupts_impl.asm */ = {isa = PBXFileReference; lastKnownFileType = sourcecode.asm.asm; path = interrupts_impl.asm; sourceTree = "<group>"; };
		5FADB7DA257672650003DE02 /* printf.cpp */ = {isa = PBXFileReference; lastKnownFileType = sourcecode.cpp.cpp; path = printf.cpp; sourceTree = "<group>"; };
		5FADB7DC257672820003DE02 /* printf.h */ = {isa = PBXFileReference; lastKnownFileType = sourcecode.c.h; path = printf.h; sourceTree = "<group>"; };
		5FADB7DD257673070003DE02 /* u64helpers.cpp */ = {isa = PBXFileReference; lastKnownFileType = sourcecode.cpp.cpp; path = u64helpers.cpp; sourceTree = "<group>"; };
		5FADB7DF2576A2420003DE02 /* startup.hpp */ = {isa = PBXFileReference; lastKnownFileType = sourcecode.cpp.h; path = startup.hpp; sourceTree = "<group>"; };
		5FADB7E02576A2C30003DE02 /* intrinsics.h */ = {isa = PBXFileReference; lastKnownFileType = sourcecode.c.h; path = intrinsics.h; sourceTree = "<group>"; };
		5FADB7E12576A30A0003DE02 /* startup.cpp */ = {isa = PBXFileReference; lastKnownFileType = sourcecode.cpp.cpp; path = startup.cpp; sourceTree = "<group>"; };
		5FADB7E32576A3FB0003DE02 /* console.hpp */ = {isa = PBXFileReference; lastKnownFileType = sourcecode.cpp.h; path = console.hpp; sourceTree = "<group>"; };
		5FADB7E42576A42A0003DE02 /* console.cpp */ = {isa = PBXFileReference; lastKnownFileType = sourcecode.cpp.cpp; path = console.cpp; sourceTree = "<group>"; };
		5FADB7E62576A54A0003DE02 /* stdint.h */ = {isa = PBXFileReference; lastKnownFileType = sourcecode.c.h; path = stdint.h; sourceTree = "<group>"; };
		5FF3A92524266E360065AE01 /* mbootmain.asm */ = {isa = PBXFileReference; explicitFileType = sourcecode.asm; path = mbootmain.asm; sourceTree = "<group>"; };
		5FF3A92724266E360065AE01 /* kmain.cpp */ = {isa = PBXFileReference; fileEncoding = 4; lastKnownFileType = sourcecode.cpp.cpp; path = kmain.cpp; sourceTree = "<group>"; };
		5FF3A92824266EAF0065AE01 /* Makefile */ = {isa = PBXFileReference; explicitFileType = text; fileEncoding = 4; path = Makefile; sourceTree = "<group>"; usesTabs = 1; };
		5FF3A9322426A2720065AE01 /* link.ld */ = {isa = PBXFileReference; fileEncoding = 4; lastKnownFileType = text; path = link.ld; sourceTree = "<group>"; };
		5FF3A95324277D5E0065AE01 /* multiboot.h */ = {isa = PBXFileReference; lastKnownFileType = sourcecode.c.h; path = multiboot.h; sourceTree = "<group>"; };
		5FF3A95F24279C500065AE01 /* cxxnew.cpp */ = {isa = PBXFileReference; lastKnownFileType = sourcecode.cpp.cpp; path = cxxnew.cpp; sourceTree = "<group>"; };
/* End PBXFileReference section */

/* Begin PBXFrameworksBuildPhase section */
		5FF3A93524276B1D0065AE01 /* Frameworks */ = {
			isa = PBXFrameworksBuildPhase;
			buildActionMask = 2147483647;
			files = (
			);
			runOnlyForDeploymentPostprocessing = 0;
		};
/* End PBXFrameworksBuildPhase section */

/* Begin PBXGroup section */
		5F0934332576DD5B00D9DEA9 /* stl */ = {
			isa = PBXGroup;
			children = (
				5F0934342576DD6B00D9DEA9 /* enable_if.hpp */,
				5F0934362576F4BC00D9DEA9 /* list.hpp */,
			);
			path = stl;
			sourceTree = "<group>";
		};
		5F49EAF4242A13F500285E4D /* cxx */ = {
			isa = PBXGroup;
			children = (
				5F49EAF5242A140300285E4D /* crti.asm */,
				5F49EAF6242A143400285E4D /* crtn.asm */,
			);
			path = cxx;
			sourceTree = "<group>";
		};
		5FF3A91724266DDC0065AE01 = {
			isa = PBXGroup;
			children = (
				5FF3A9332426A2770065AE01 /* system */,
				5FF3A92B2426708F0065AE01 /* include */,
				5FF3A92324266E360065AE01 /* src */,
				5F49E95A2429E51600285E4D /* kernel-codebase */,
			);
			sourceTree = "<group>";
		};
		5FF3A92324266E360065AE01 /* src */ = {
			isa = PBXGroup;
			children = (
				5F49EAF4242A13F500285E4D /* cxx */,
				5FF3A94B24276D500065AE01 /* i386 */,
				5FF3A92424266E360065AE01 /* mbootmain */,
				5FF3A92724266E360065AE01 /* kmain.cpp */,
				5FF3A95F24279C500065AE01 /* cxxnew.cpp */,
				5FADB7DA257672650003DE02 /* printf.cpp */,
				5FADB7E12576A30A0003DE02 /* startup.cpp */,
				5FADB7E42576A42A0003DE02 /* console.cpp */,
				5F09342F2576DB0200D9DEA9 /* vga_console.cpp */,
				5F0934382576FE4400D9DEA9 /* memory.cpp */,
				5F514EA325781C7B00787455 /* stack_trace.cpp */,
				5F514EA625781D0C00787455 /* panic.cpp */,
			);
			path = src;
			sourceTree = "<group>";
		};
		5FF3A92424266E360065AE01 /* mbootmain */ = {
			isa = PBXGroup;
			children = (
				5FF3A92524266E360065AE01 /* mbootmain.asm */,
			);
			path = mbootmain;
			sourceTree = "<group>";
		};
		5FF3A92B2426708F0065AE01 /* include */ = {
			isa = PBXGroup;
			children = (
				5F0934332576DD5B00D9DEA9 /* stl */,
				5FF3A95324277D5E0065AE01 /* multiboot.h */,
				5F0934312576DB7300D9DEA9 /* memory.hpp */,
				5FADB7DC257672820003DE02 /* printf.h */,
				5FADB7DF2576A2420003DE02 /* startup.hpp */,
				5F514EA525781CE300787455 /* panic.hpp */,
				5F514EA225781C5000787455 /* stack_trace.hpp */,
				5FADB7E02576A2C30003DE02 /* intrinsics.h */,
				5FADB7E32576A3FB0003DE02 /* console.hpp */,
				5F09342E2576DA7700D9DEA9 /* vga_console.hpp */,
				5F0934322576DD2600D9DEA9 /* ports.hpp */,
				5FADB7E62576A54A0003DE02 /* stdint.h */,
				5F0934372576F4DB00D9DEA9 /* min_list.hpp */,
				5F514EAD2578FA8C00787455 /* interrupt_types.hpp */,
				5F514EB02579011500787455 /* interrupt_regs.hpp */,
				5F514EB12579016900787455 /* interrupt_handlers.hpp */,
				5F514EB2257902CC00787455 /* interrupt_table.hpp */,
				5F514EAE2578FB3800787455 /* fixed_vector.hpp */,
				5F514EAF2578FC8900787455 /* cx_throw.hpp */,
			);
			path = include;
			sourceTree = "<group>";
		};
		5FF3A9332426A2770065AE01 /* system */ = {
			isa = PBXGroup;
			children = (
				5FF3A92824266EAF0065AE01 /* Makefile */,
				5FF3A9322426A2720065AE01 /* link.ld */,
			);
			name = system;
			sourceTree = "<group>";
		};
		5FF3A94B24276D500065AE01 /* i386 */ = {
			isa = PBXGroup;
			children = (
				5FADB7DD257673070003DE02 /* u64helpers.cpp */,
				5F514EB32579034D00787455 /* interrupts.cpp */,
				5F514EB52579075200787455 /* interrupts_impl.asm */,
			);
			path = i386;
			sourceTree = "<group>";
		};
/* End PBXGroup section */

/* Begin PBXLegacyTarget section */
		5FF3A91C24266DDC0065AE01 /* cxkrnltest */ = {
			isa = PBXLegacyTarget;
			buildArgumentsString = "$(ACTION)";
			buildConfigurationList = 5FF3A91F24266DDC0065AE01 /* Build configuration list for PBXLegacyTarget "cxkrnltest" */;
			buildPhases = (
			);
			buildToolPath = /usr/bin/make;
			buildWorkingDirectory = /Users/osdever/CXOS;
			dependencies = (
			);
			name = cxkrnltest;
			passBuildSettingsInEnvironment = 1;
			productName = cxkrnltest;
		};
/* End PBXLegacyTarget section */

/* Begin PBXNativeTarget section */
		5FF3A93724276B1D0065AE01 /* kernel-codebase */ = {
			isa = PBXNativeTarget;
			buildConfigurationList = 5FF3A93D24276B1D0065AE01 /* Build configuration list for PBXNativeTarget "kernel-codebase" */;
			buildPhases = (
				5FF3A93424276B1D0065AE01 /* Sources */,
				5FF3A93524276B1D0065AE01 /* Frameworks */,
				5FF3A93624276B1D0065AE01 /* CopyFiles */,
			);
			buildRules = (
			);
			dependencies = (
			);
			name = "kernel-codebase";
			productName = "kernel-codebase";
			productReference = 5F49E95A2429E51600285E4D /* kernel-codebase */;
			productType = "com.apple.product-type.tool";
		};
/* End PBXNativeTarget section */

/* Begin PBXProject section */
		5FF3A91824266DDC0065AE01 /* Project object */ = {
			isa = PBXProject;
			attributes = {
				LastUpgradeCheck = 1010;
				ORGANIZATIONNAME = PlakOS;
				TargetAttributes = {
					5FF3A91C24266DDC0065AE01 = {
						CreatedOnToolsVersion = 10.1;
					};
					5FF3A93724276B1D0065AE01 = {
						CreatedOnToolsVersion = 10.1;
					};
				};
			};
			buildConfigurationList = 5FF3A91B24266DDC0065AE01 /* Build configuration list for PBXProject "cxkrnltest" */;
			compatibilityVersion = "Xcode 9.3";
			developmentRegion = en;
			hasScannedForEncodings = 0;
			knownRegions = (
				en,
			);
			mainGroup = 5FF3A91724266DDC0065AE01;
			productRefGroup = 5FF3A91724266DDC0065AE01;
			projectDirPath = "";
			projectRoot = "";
			targets = (
				5FF3A91C24266DDC0065AE01 /* cxkrnltest */,
				5FF3A93724276B1D0065AE01 /* kernel-codebase */,
			);
		};
/* End PBXProject section */

/* Begin PBXSourcesBuildPhase section */
		5FF3A93424276B1D0065AE01 /* Sources */ = {
			isa = PBXSourcesBuildPhase;
			buildActionMask = 2147483647;
			files = (
				5F0934392576FE4400D9DEA9 /* memory.cpp in Sources */,
				5FF3A94524276B4B0065AE01 /* mbootmain.asm in Sources */,
				5FF3A94124276B470065AE01 /* kmain.cpp in Sources */,
				5FF3A96024279C500065AE01 /* cxxnew.cpp in Sources */,
				5F0934302576DB0200D9DEA9 /* vga_console.cpp in Sources */,
				5F514EA725781D0C00787455 /* panic.cpp in Sources */,
				5FADB7DE257673070003DE02 /* u64helpers.cpp in Sources */,
				5FADB7DB257672650003DE02 /* printf.cpp in Sources */,
				5F514EB62579075200787455 /* interrupts_impl.asm in Sources */,
				5FADB7E22576A30A0003DE02 /* startup.cpp in Sources */,
				5F49EAF7242A143400285E4D /* crtn.asm in Sources */,
				5F514EA425781C7B00787455 /* stack_trace.cpp in Sources */,
				5F514EB42579034D00787455 /* interrupts.cpp in Sources */,
				5FADB7E52576A42A0003DE02 /* console.cpp in Sources */,
			);
			runOnlyForDeploymentPostprocessing = 0;
		};
/* End PBXSourcesBuildPhase section */

/* Begin XCBuildConfiguration section */
		5FF3A91D24266DDC0065AE01 /* Debug */ = {
			isa = XCBuildConfiguration;
			buildSettings = {
				ALWAYS_SEARCH_USER_PATHS = NO;
				CLANG_ANALYZER_NONNULL = YES;
				CLANG_ANALYZER_NUMBER_OBJECT_CONVERSION = YES_AGGRESSIVE;
				CLANG_CXX_LANGUAGE_STANDARD = "gnu++14";
				CLANG_CXX_LIBRARY = "libc++";
				CLANG_ENABLE_MODULES = YES;
				CLANG_ENABLE_OBJC_ARC = YES;
				CLANG_ENABLE_OBJC_WEAK = YES;
				CLANG_WARN_BLOCK_CAPTURE_AUTORELEASING = YES;
				CLANG_WARN_BOOL_CONVERSION = YES;
				CLANG_WARN_COMMA = YES;
				CLANG_WARN_CONSTANT_CONVERSION = YES;
				CLANG_WARN_DEPRECATED_OBJC_IMPLEMENTATIONS = YES;
				CLANG_WARN_DIRECT_OBJC_ISA_USAGE = YES_ERROR;
				CLANG_WARN_DOCUMENTATION_COMMENTS = YES;
				CLANG_WARN_EMPTY_BODY = YES;
				CLANG_WARN_ENUM_CONVERSION = YES;
				CLANG_WARN_INFINITE_RECURSION = YES;
				CLANG_WARN_INT_CONVERSION = YES;
				CLANG_WARN_NON_LITERAL_NULL_CONVERSION = YES;
				CLANG_WARN_OBJC_IMPLICIT_RETAIN_SELF = YES;
				CLANG_WARN_OBJC_LITERAL_CONVERSION = YES;
				CLANG_WARN_OBJC_ROOT_CLASS = YES_ERROR;
				CLANG_WARN_RANGE_LOOP_ANALYSIS = YES;
				CLANG_WARN_STRICT_PROTOTYPES = YES;
				CLANG_WARN_SUSPICIOUS_MOVE = YES;
				CLANG_WARN_UNGUARDED_AVAILABILITY = YES_AGGRESSIVE;
				CLANG_WARN_UNREACHABLE_CODE = YES;
				CLANG_WARN__DUPLICATE_METHOD_MATCH = YES;
				COPY_PHASE_STRIP = NO;
				DEBUG_INFORMATION_FORMAT = dwarf;
				ENABLE_STRICT_OBJC_MSGSEND = YES;
				ENABLE_TESTABILITY = YES;
				GCC_C_LANGUAGE_STANDARD = gnu11;
				GCC_DYNAMIC_NO_PIC = NO;
				GCC_NO_COMMON_BLOCKS = YES;
				GCC_OPTIMIZATION_LEVEL = 0;
				GCC_PREPROCESSOR_DEFINITIONS = (
					"DEBUG=1",
					"$(inherited)",
				);
				GCC_WARN_64_TO_32_BIT_CONVERSION = YES;
				GCC_WARN_ABOUT_RETURN_TYPE = YES_ERROR;
				GCC_WARN_UNDECLARED_SELECTOR = YES;
				GCC_WARN_UNINITIALIZED_AUTOS = YES_AGGRESSIVE;
				GCC_WARN_UNUSED_FUNCTION = YES;
				GCC_WARN_UNUSED_VARIABLE = YES;
				MTL_ENABLE_DEBUG_INFO = INCLUDE_SOURCE;
				MTL_FAST_MATH = YES;
				ONLY_ACTIVE_ARCH = YES;
			};
			name = Debug;
		};
		5FF3A91E24266DDC0065AE01 /* Release */ = {
			isa = XCBuildConfiguration;
			buildSettings = {
				ALWAYS_SEARCH_USER_PATHS = NO;
				CLANG_ANALYZER_NONNULL = YES;
				CLANG_ANALYZER_NUMBER_OBJECT_CONVERSION = YES_AGGRESSIVE;
				CLANG_CXX_LANGUAGE_STANDARD = "gnu++14";
				CLANG_CXX_LIBRARY = "libc++";
				CLANG_ENABLE_MODULES = YES;
				CLANG_ENABLE_OBJC_ARC = YES;
				CLANG_ENABLE_OBJC_WEAK = YES;
				CLANG_WARN_BLOCK_CAPTURE_AUTORELEASING = YES;
				CLANG_WARN_BOOL_CONVERSION = YES;
				CLANG_WARN_COMMA = YES;
				CLANG_WARN_CONSTANT_CONVERSION = YES;
				CLANG_WARN_DEPRECATED_OBJC_IMPLEMENTATIONS = YES;
				CLANG_WARN_DIRECT_OBJC_ISA_USAGE = YES_ERROR;
				CLANG_WARN_DOCUMENTATION_COMMENTS = YES;
				CLANG_WARN_EMPTY_BODY = YES;
				CLANG_WARN_ENUM_CONVERSION = YES;
				CLANG_WARN_INFINITE_RECURSION = YES;
				CLANG_WARN_INT_CONVERSION = YES;
				CLANG_WARN_NON_LITERAL_NULL_CONVERSION = YES;
				CLANG_WARN_OBJC_IMPLICIT_RETAIN_SELF = YES;
				CLANG_WARN_OBJC_LITERAL_CONVERSION = YES;
				CLANG_WARN_OBJC_ROOT_CLASS = YES_ERROR;
				CLANG_WARN_RANGE_LOOP_ANALYSIS = YES;
				CLANG_WARN_STRICT_PROTOTYPES = YES;
				CLANG_WARN_SUSPICIOUS_MOVE = YES;
				CLANG_WARN_UNGUARDED_AVAILABILITY = YES_AGGRESSIVE;
				CLANG_WARN_UNREACHABLE_CODE = YES;
				CLANG_WARN__DUPLICATE_METHOD_MATCH = YES;
				COPY_PHASE_STRIP = NO;
				DEBUG_INFORMATION_FORMAT = "dwarf-with-dsym";
				ENABLE_NS_ASSERTIONS = NO;
				ENABLE_STRICT_OBJC_MSGSEND = YES;
				GCC_C_LANGUAGE_STANDARD = gnu11;
				GCC_NO_COMMON_BLOCKS = YES;
				GCC_WARN_64_TO_32_BIT_CONVERSION = YES;
				GCC_WARN_ABOUT_RETURN_TYPE = YES_ERROR;
				GCC_WARN_UNDECLARED_SELECTOR = YES;
				GCC_WARN_UNINITIALIZED_AUTOS = YES_AGGRESSIVE;
				GCC_WARN_UNUSED_FUNCTION = YES;
				GCC_WARN_UNUSED_VARIABLE = YES;
				MTL_ENABLE_DEBUG_INFO = NO;
				MTL_FAST_MATH = YES;
			};
			name = Release;
		};
		5FF3A92024266DDC0065AE01 /* Debug */ = {
			isa = XCBuildConfiguration;
			buildSettings = {
				CODE_SIGN_STYLE = Automatic;
				DEBUGGING_SYMBOLS = YES;
				DEBUG_INFORMATION_FORMAT = dwarf;
				DEVELOPMENT_TEAM = 3J2JYTDMYQ;
				GCC_GENERATE_DEBUGGING_SYMBOLS = YES;
				GCC_OPTIMIZATION_LEVEL = 0;
				OTHER_CFLAGS = "";
				OTHER_LDFLAGS = "";
				PRODUCT_NAME = "$(TARGET_NAME)";
			};
			name = Debug;
		};
		5FF3A92124266DDC0065AE01 /* Release */ = {
			isa = XCBuildConfiguration;
			buildSettings = {
				CODE_SIGN_STYLE = Automatic;
				DEBUG_INFORMATION_FORMAT = "dwarf-with-dsym";
				DEVELOPMENT_TEAM = 3J2JYTDMYQ;
				OTHER_CFLAGS = "";
				OTHER_LDFLAGS = "";
				PRODUCT_NAME = "$(TARGET_NAME)";
			};
			name = Release;
		};
		5FF3A93E24276B1D0065AE01 /* Debug */ = {
			isa = XCBuildConfiguration;
			buildSettings = {
				CODE_SIGN_IDENTITY = "Mac Developer";
				CODE_SIGN_STYLE = Automatic;
				DEVELOPMENT_TEAM = 3J2JYTDMYQ;
				MACOSX_DEPLOYMENT_TARGET = 10.13;
				PRODUCT_NAME = "$(TARGET_NAME)";
				SDKROOT = macosx;
			};
			name = Debug;
		};
		5FF3A93F24276B1D0065AE01 /* Release */ = {
			isa = XCBuildConfiguration;
			buildSettings = {
				CODE_SIGN_IDENTITY = "Mac Developer";
				CODE_SIGN_STYLE = Automatic;
				DEVELOPMENT_TEAM = 3J2JYTDMYQ;
				MACOSX_DEPLOYMENT_TARGET = 10.13;
				PRODUCT_NAME = "$(TARGET_NAME)";
				SDKROOT = macosx;
			};
			name = Release;
		};
/* End XCBuildConfiguration section */

/* Begin XCConfigurationList section */
		5FF3A91B24266DDC0065AE01 /* Build configuration list for PBXProject "cxkrnltest" */ = {
			isa = XCConfigurationList;
			buildConfigurations = (
				5FF3A91D24266DDC0065AE01 /* Debug */,
				5FF3A91E24266DDC0065AE01 /* Release */,
			);
			defaultConfigurationIsVisible = 0;
			defaultConfigurationName = Release;
		};
		5FF3A91F24266DDC0065AE01 /* Build configuration list for PBXLegacyTarget "cxkrnltest" */ = {
			isa = XCConfigurationList;
			buildConfigurations = (
				5FF3A92024266DDC0065AE01 /* Debug */,
				5FF3A92124266DDC0065AE01 /* Release */,
			);
			defaultConfigurationIsVisible = 0;
			defaultConfigurationName = Release;
		};
		5FF3A93D24276B1D0065AE01 /* Build configuration list for PBXNativeTarget "kernel-codebase" */ = {
			isa = XCConfigurationList;
			buildConfigurations = (
				5FF3A93E24276B1D0065AE01 /* Debug */,
				5FF3A93F24276B1D0065AE01 /* Release */,
			);
			defaultConfigurationIsVisible = 0;
			defaultConfigurationName = Release;
		};
/* End XCConfigurationList section */
	};
	rootObject = 5FF3A91824266DDC0065AE01 /* Project object */;
}
